// !$*UTF8*$!
{
	archiveVersion = 1;
	classes = {
	};
	objectVersion = 55;
	objects = {

/* Begin PBXBuildFile section */
		DDD3B79927AA1C220055ED99 /* EndPoint.swift in Sources */ = {isa = PBXBuildFile; fileRef = DDD3B79827AA1C220055ED99 /* EndPoint.swift */; };
		DDD3B79B27AA1C470055ED99 /* Errors.swift in Sources */ = {isa = PBXBuildFile; fileRef = DDD3B79A27AA1C470055ED99 /* Errors.swift */; };
		DDD3B79D27AA1C600055ED99 /* HTTPMethod.swift in Sources */ = {isa = PBXBuildFile; fileRef = DDD3B79C27AA1C600055ED99 /* HTTPMethod.swift */; };
		DDD3B79F27AA1C830055ED99 /* URLRequest.swift in Sources */ = {isa = PBXBuildFile; fileRef = DDD3B79E27AA1C830055ED99 /* URLRequest.swift */; };
		DDD3B7A227AA1CD30055ED99 /* Repository.swift in Sources */ = {isa = PBXBuildFile; fileRef = DDD3B7A127AA1CD30055ED99 /* Repository.swift */; };
		DDD3B7A527AA1D050055ED99 /* Session.swift in Sources */ = {isa = PBXBuildFile; fileRef = DDD3B7A427AA1D050055ED99 /* Session.swift */; };
		DDD3B7AC27AA21250055ED99 /* School.swift in Sources */ = {isa = PBXBuildFile; fileRef = DDD3B7AB27AA21250055ED99 /* School.swift */; };
		DDD3B7B027AA21ED0055ED99 /* SchoolListRepository.swift in Sources */ = {isa = PBXBuildFile; fileRef = DDD3B7AF27AA21ED0055ED99 /* SchoolListRepository.swift */; };
		DDD3B7B327AA22AE0055ED99 /* SchoolListViewModal.swift in Sources */ = {isa = PBXBuildFile; fileRef = DDD3B7B227AA22AE0055ED99 /* SchoolListViewModal.swift */; };
		DDD3B7B727AA36090055ED99 /* SchoolSATViewController.swift in Sources */ = {isa = PBXBuildFile; fileRef = DDD3B7B627AA36090055ED99 /* SchoolSATViewController.swift */; };
		DDD3B7BA27AA3C050055ED99 /* UILabel.swift in Sources */ = {isa = PBXBuildFile; fileRef = DDD3B7B927AA3C050055ED99 /* UILabel.swift */; };
		DDD3B7BC27AA3DA60055ED99 /* UIView+Constraints.swift in Sources */ = {isa = PBXBuildFile; fileRef = DDD3B7BB27AA3DA60055ED99 /* UIView+Constraints.swift */; };
		DDD3B7C027AAD21C0055ED99 /* URL+Query.swift in Sources */ = {isa = PBXBuildFile; fileRef = DDD3B7BF27AAD21C0055ED99 /* URL+Query.swift */; };
		DDD3B7C227AAFDB30055ED99 /* SchoolSATScore.swift in Sources */ = {isa = PBXBuildFile; fileRef = DDD3B7C127AAFDB30055ED99 /* SchoolSATScore.swift */; };
		DDD3B7C427AAFE0E0055ED99 /* SATInformation.swift in Sources */ = {isa = PBXBuildFile; fileRef = DDD3B7C327AAFE0E0055ED99 /* SATInformation.swift */; };
		DDD3B7C627AB00CC0055ED99 /* SchoolSatScoreRepository.swift in Sources */ = {isa = PBXBuildFile; fileRef = DDD3B7C527AB00CC0055ED99 /* SchoolSatScoreRepository.swift */; };
		DDD3B7C827AB015C0055ED99 /* UITableViewCell+Identifier.swift in Sources */ = {isa = PBXBuildFile; fileRef = DDD3B7C727AB015C0055ED99 /* UITableViewCell+Identifier.swift */; };
		DDD3B7CA27AB03220055ED99 /* SchoolSATScoreViewModal.swift in Sources */ = {isa = PBXBuildFile; fileRef = DDD3B7C927AB03220055ED99 /* SchoolSATScoreViewModal.swift */; };
		DDD3B7CC27AB2E5B0055ED99 /* UIViewController+ActivityIndicator.swift in Sources */ = {isa = PBXBuildFile; fileRef = DDD3B7CB27AB2E5B0055ED99 /* UIViewController+ActivityIndicator.swift */; };
		DDD3B7CE27AB3BF90055ED99 /* UIStackView+init.swift in Sources */ = {isa = PBXBuildFile; fileRef = DDD3B7CD27AB3BF90055ED99 /* UIStackView+init.swift */; };
		DDD3B7D027AB412E0055ED99 /* UIScrollView+init.swift in Sources */ = {isa = PBXBuildFile; fileRef = DDD3B7CF27AB412E0055ED99 /* UIScrollView+init.swift */; };
		DDD3B7D427AB45FF0055ED99 /* detail.png in Resources */ = {isa = PBXBuildFile; fileRef = DDD3B7D227AB45FF0055ED99 /* detail.png */; };
		DDD3B7D527AB45FF0055ED99 /* list.png in Resources */ = {isa = PBXBuildFile; fileRef = DDD3B7D327AB45FF0055ED99 /* list.png */; };
		DDD3B7DD27AB5B960055ED99 /* search.png in Resources */ = {isa = PBXBuildFile; fileRef = DDD3B7DC27AB5B960055ED99 /* search.png */; };
		DDE50D8627AA0EB800BCB59F /* AppDelegate.swift in Sources */ = {isa = PBXBuildFile; fileRef = DDE50D8527AA0EB800BCB59F /* AppDelegate.swift */; };
		DDE50D8827AA0EB800BCB59F /* SceneDelegate.swift in Sources */ = {isa = PBXBuildFile; fileRef = DDE50D8727AA0EB800BCB59F /* SceneDelegate.swift */; };
		DDE50D8A27AA0EB800BCB59F /* ViewController.swift in Sources */ = {isa = PBXBuildFile; fileRef = DDE50D8927AA0EB800BCB59F /* ViewController.swift */; };
		DDE50D8D27AA0EB800BCB59F /* Main.storyboard in Resources */ = {isa = PBXBuildFile; fileRef = DDE50D8B27AA0EB800BCB59F /* Main.storyboard */; };
		DDE50D8F27AA0EBB00BCB59F /* Assets.xcassets in Resources */ = {isa = PBXBuildFile; fileRef = DDE50D8E27AA0EBB00BCB59F /* Assets.xcassets */; };
		DDE50D9227AA0EBB00BCB59F /* LaunchScreen.storyboard in Resources */ = {isa = PBXBuildFile; fileRef = DDE50D9027AA0EBB00BCB59F /* LaunchScreen.storyboard */; };
		DDE50D9D27AA0EBB00BCB59F /* _0220201_SrikanthAdavalli_NYCSchools_Tests.swift in Sources */ = {isa = PBXBuildFile; fileRef = DDE50D9C27AA0EBB00BCB59F /* _0220201_SrikanthAdavalli_NYCSchools_Tests.swift */; };
		DDE50DA727AA0EBB00BCB59F /* _0220201_SrikanthAdavalli_NYCSchools_UITests.swift in Sources */ = {isa = PBXBuildFile; fileRef = DDE50DA627AA0EBB00BCB59F /* _0220201_SrikanthAdavalli_NYCSchools_UITests.swift */; };
		DDE50DA927AA0EBB00BCB59F /* _0220201_SrikanthAdavalli_NYCSchools_UITestsLaunchTests.swift in Sources */ = {isa = PBXBuildFile; fileRef = DDE50DA827AA0EBB00BCB59F /* _0220201_SrikanthAdavalli_NYCSchools_UITestsLaunchTests.swift */; };
/* End PBXBuildFile section */

/* Begin PBXContainerItemProxy section */
		DDE50D9927AA0EBB00BCB59F /* PBXContainerItemProxy */ = {
			isa = PBXContainerItemProxy;
			containerPortal = DDE50D7A27AA0EB800BCB59F /* Project object */;
			proxyType = 1;
			remoteGlobalIDString = DDE50D8127AA0EB800BCB59F;
			remoteInfo = "20220201-SrikanthAdavalli-NYCSchools)";
		};
		DDE50DA327AA0EBB00BCB59F /* PBXContainerItemProxy */ = {
			isa = PBXContainerItemProxy;
			containerPortal = DDE50D7A27AA0EB800BCB59F /* Project object */;
			proxyType = 1;
			remoteGlobalIDString = DDE50D8127AA0EB800BCB59F;
			remoteInfo = "20220201-SrikanthAdavalli-NYCSchools)";
		};
/* End PBXContainerItemProxy section */

/* Begin PBXFileReference section */
		DDD3B79827AA1C220055ED99 /* EndPoint.swift */ = {isa = PBXFileReference; lastKnownFileType = sourcecode.swift; path = EndPoint.swift; sourceTree = "<group>"; };
		DDD3B79A27AA1C470055ED99 /* Errors.swift */ = {isa = PBXFileReference; lastKnownFileType = sourcecode.swift; path = Errors.swift; sourceTree = "<group>"; };
		DDD3B79C27AA1C600055ED99 /* HTTPMethod.swift */ = {isa = PBXFileReference; lastKnownFileType = sourcecode.swift; path = HTTPMethod.swift; sourceTree = "<group>"; };
		DDD3B79E27AA1C830055ED99 /* URLRequest.swift */ = {isa = PBXFileReference; lastKnownFileType = sourcecode.swift; path = URLRequest.swift; sourceTree = "<group>"; };
		DDD3B7A127AA1CD30055ED99 /* Repository.swift */ = {isa = PBXFileReference; lastKnownFileType = sourcecode.swift; path = Repository.swift; sourceTree = "<group>"; };
		DDD3B7A427AA1D050055ED99 /* Session.swift */ = {isa = PBXFileReference; lastKnownFileType = sourcecode.swift; path = Session.swift; sourceTree = "<group>"; };
		DDD3B7AB27AA21250055ED99 /* School.swift */ = {isa = PBXFileReference; lastKnownFileType = sourcecode.swift; path = School.swift; sourceTree = "<group>"; };
		DDD3B7AF27AA21ED0055ED99 /* SchoolListRepository.swift */ = {isa = PBXFileReference; lastKnownFileType = sourcecode.swift; path = SchoolListRepository.swift; sourceTree = "<group>"; };
		DDD3B7B227AA22AE0055ED99 /* SchoolListViewModal.swift */ = {isa = PBXFileReference; lastKnownFileType = sourcecode.swift; path = SchoolListViewModal.swift; sourceTree = "<group>"; };
		DDD3B7B627AA36090055ED99 /* SchoolSATViewController.swift */ = {isa = PBXFileReference; lastKnownFileType = sourcecode.swift; path = SchoolSATViewController.swift; sourceTree = "<group>"; };
		DDD3B7B927AA3C050055ED99 /* UILabel.swift */ = {isa = PBXFileReference; lastKnownFileType = sourcecode.swift; path = UILabel.swift; sourceTree = "<group>"; };
		DDD3B7BB27AA3DA60055ED99 /* UIView+Constraints.swift */ = {isa = PBXFileReference; lastKnownFileType = sourcecode.swift; path = "UIView+Constraints.swift"; sourceTree = "<group>"; };
		DDD3B7BF27AAD21C0055ED99 /* URL+Query.swift */ = {isa = PBXFileReference; lastKnownFileType = sourcecode.swift; path = "URL+Query.swift"; sourceTree = "<group>"; };
		DDD3B7C127AAFDB30055ED99 /* SchoolSATScore.swift */ = {isa = PBXFileReference; lastKnownFileType = sourcecode.swift; path = SchoolSATScore.swift; sourceTree = "<group>"; };
		DDD3B7C327AAFE0E0055ED99 /* SATInformation.swift */ = {isa = PBXFileReference; lastKnownFileType = sourcecode.swift; path = SATInformation.swift; sourceTree = "<group>"; };
		DDD3B7C527AB00CC0055ED99 /* SchoolSatScoreRepository.swift */ = {isa = PBXFileReference; lastKnownFileType = sourcecode.swift; path = SchoolSatScoreRepository.swift; sourceTree = "<group>"; };
		DDD3B7C727AB015C0055ED99 /* UITableViewCell+Identifier.swift */ = {isa = PBXFileReference; lastKnownFileType = sourcecode.swift; path = "UITableViewCell+Identifier.swift"; sourceTree = "<group>"; };
		DDD3B7C927AB03220055ED99 /* SchoolSATScoreViewModal.swift */ = {isa = PBXFileReference; lastKnownFileType = sourcecode.swift; path = SchoolSATScoreViewModal.swift; sourceTree = "<group>"; };
		DDD3B7CB27AB2E5B0055ED99 /* UIViewController+ActivityIndicator.swift */ = {isa = PBXFileReference; lastKnownFileType = sourcecode.swift; path = "UIViewController+ActivityIndicator.swift"; sourceTree = "<group>"; };
		DDD3B7CD27AB3BF90055ED99 /* UIStackView+init.swift */ = {isa = PBXFileReference; lastKnownFileType = sourcecode.swift; path = "UIStackView+init.swift"; sourceTree = "<group>"; };
		DDD3B7CF27AB412E0055ED99 /* UIScrollView+init.swift */ = {isa = PBXFileReference; lastKnownFileType = sourcecode.swift; path = "UIScrollView+init.swift"; sourceTree = "<group>"; };
		DDD3B7D227AB45FF0055ED99 /* detail.png */ = {isa = PBXFileReference; lastKnownFileType = image.png; path = detail.png; sourceTree = "<group>"; };
		DDD3B7D327AB45FF0055ED99 /* list.png */ = {isa = PBXFileReference; lastKnownFileType = image.png; path = list.png; sourceTree = "<group>"; };
		DDD3B7DC27AB5B960055ED99 /* search.png */ = {isa = PBXFileReference; lastKnownFileType = image.png; path = search.png; sourceTree = "<group>"; };
		DDE50D8227AA0EB800BCB59F /* 20220201-SrikanthAdavalli-NYCSchools).app */ = {isa = PBXFileReference; explicitFileType = wrapper.application; includeInIndex = 0; path = "20220201-SrikanthAdavalli-NYCSchools).app"; sourceTree = BUILT_PRODUCTS_DIR; };
		DDE50D8527AA0EB800BCB59F /* AppDelegate.swift */ = {isa = PBXFileReference; lastKnownFileType = sourcecode.swift; path = AppDelegate.swift; sourceTree = "<group>"; };
		DDE50D8727AA0EB800BCB59F /* SceneDelegate.swift */ = {isa = PBXFileReference; lastKnownFileType = sourcecode.swift; path = SceneDelegate.swift; sourceTree = "<group>"; };
		DDE50D8927AA0EB800BCB59F /* ViewController.swift */ = {isa = PBXFileReference; lastKnownFileType = sourcecode.swift; path = ViewController.swift; sourceTree = "<group>"; };
		DDE50D8C27AA0EB800BCB59F /* Base */ = {isa = PBXFileReference; lastKnownFileType = file.storyboard; name = Base; path = Base.lproj/Main.storyboard; sourceTree = "<group>"; };
		DDE50D8E27AA0EBB00BCB59F /* Assets.xcassets */ = {isa = PBXFileReference; lastKnownFileType = folder.assetcatalog; path = Assets.xcassets; sourceTree = "<group>"; };
		DDE50D9127AA0EBB00BCB59F /* Base */ = {isa = PBXFileReference; lastKnownFileType = file.storyboard; name = Base; path = Base.lproj/LaunchScreen.storyboard; sourceTree = "<group>"; };
		DDE50D9327AA0EBB00BCB59F /* Info.plist */ = {isa = PBXFileReference; lastKnownFileType = text.plist.xml; path = Info.plist; sourceTree = "<group>"; };
		DDE50D9827AA0EBB00BCB59F /* 20220201-SrikanthAdavalli-NYCSchools)Tests.xctest */ = {isa = PBXFileReference; explicitFileType = wrapper.cfbundle; includeInIndex = 0; path = "20220201-SrikanthAdavalli-NYCSchools)Tests.xctest"; sourceTree = BUILT_PRODUCTS_DIR; };
		DDE50D9C27AA0EBB00BCB59F /* _0220201_SrikanthAdavalli_NYCSchools_Tests.swift */ = {isa = PBXFileReference; lastKnownFileType = sourcecode.swift; path = _0220201_SrikanthAdavalli_NYCSchools_Tests.swift; sourceTree = "<group>"; };
		DDE50DA227AA0EBB00BCB59F /* 20220201-SrikanthAdavalli-NYCSchools)UITests.xctest */ = {isa = PBXFileReference; explicitFileType = wrapper.cfbundle; includeInIndex = 0; path = "20220201-SrikanthAdavalli-NYCSchools)UITests.xctest"; sourceTree = BUILT_PRODUCTS_DIR; };
		DDE50DA627AA0EBB00BCB59F /* _0220201_SrikanthAdavalli_NYCSchools_UITests.swift */ = {isa = PBXFileReference; lastKnownFileType = sourcecode.swift; path = _0220201_SrikanthAdavalli_NYCSchools_UITests.swift; sourceTree = "<group>"; };
		DDE50DA827AA0EBB00BCB59F /* _0220201_SrikanthAdavalli_NYCSchools_UITestsLaunchTests.swift */ = {isa = PBXFileReference; lastKnownFileType = sourcecode.swift; path = _0220201_SrikanthAdavalli_NYCSchools_UITestsLaunchTests.swift; sourceTree = "<group>"; };
/* End PBXFileReference section */

/* Begin PBXFrameworksBuildPhase section */
		DDE50D7F27AA0EB800BCB59F /* Frameworks */ = {
			isa = PBXFrameworksBuildPhase;
			buildActionMask = 2147483647;
			files = (
			);
			runOnlyForDeploymentPostprocessing = 0;
		};
		DDE50D9527AA0EBB00BCB59F /* Frameworks */ = {
			isa = PBXFrameworksBuildPhase;
			buildActionMask = 2147483647;
			files = (
			);
			runOnlyForDeploymentPostprocessing = 0;
		};
		DDE50D9F27AA0EBB00BCB59F /* Frameworks */ = {
			isa = PBXFrameworksBuildPhase;
			buildActionMask = 2147483647;
			files = (
			);
			runOnlyForDeploymentPostprocessing = 0;
		};
/* End PBXFrameworksBuildPhase section */

/* Begin PBXGroup section */
		DDD3B79627AA1BD10055ED99 /* Network */ = {
			isa = PBXGroup;
			children = (
				DDD3B7A327AA1CEA0055ED99 /* Session */,
				DDD3B7A027AA1CBC0055ED99 /* Repository */,
				DDD3B79727AA1C0C0055ED99 /* API */,
			);
			path = Network;
			sourceTree = "<group>";
		};
		DDD3B79727AA1C0C0055ED99 /* API */ = {
			isa = PBXGroup;
			children = (
				DDD3B79827AA1C220055ED99 /* EndPoint.swift */,
				DDD3B79A27AA1C470055ED99 /* Errors.swift */,
				DDD3B79C27AA1C600055ED99 /* HTTPMethod.swift */,
				DDD3B79E27AA1C830055ED99 /* URLRequest.swift */,
			);
			path = API;
			sourceTree = "<group>";
		};
		DDD3B7A027AA1CBC0055ED99 /* Repository */ = {
			isa = PBXGroup;
			children = (
				DDD3B7A127AA1CD30055ED99 /* Repository.swift */,
			);
			path = Repository;
			sourceTree = "<group>";
		};
		DDD3B7A327AA1CEA0055ED99 /* Session */ = {
			isa = PBXGroup;
			children = (
				DDD3B7A427AA1D050055ED99 /* Session.swift */,
			);
			path = Session;
			sourceTree = "<group>";
		};
		DDD3B7AA27AA210F0055ED99 /* Model */ = {
			isa = PBXGroup;
			children = (
				DDD3B7AB27AA21250055ED99 /* School.swift */,
				DDD3B7C127AAFDB30055ED99 /* SchoolSATScore.swift */,
				DDD3B7C327AAFE0E0055ED99 /* SATInformation.swift */,
			);
			path = Model;
			sourceTree = "<group>";
		};
		DDD3B7AD27AA21C30055ED99 /* UI */ = {
			isa = PBXGroup;
			children = (
				DDD3B7B827AA3BF10055ED99 /* Extensions */,
				DDD3B7B527AA35CE0055ED99 /* SchoolSATView */,
				DDD3B7B427AA35940055ED99 /* SchoolsListView */,
			);
			path = UI;
			sourceTree = "<group>";
		};
		DDD3B7AE27AA21D20055ED99 /* Repo */ = {
			isa = PBXGroup;
			children = (
				DDD3B7AF27AA21ED0055ED99 /* SchoolListRepository.swift */,
				DDD3B7C527AB00CC0055ED99 /* SchoolSatScoreRepository.swift */,
			);
			path = Repo;
			sourceTree = "<group>";
		};
		DDD3B7B127AA22990055ED99 /* ViewModal */ = {
			isa = PBXGroup;
			children = (
				DDD3B7B227AA22AE0055ED99 /* SchoolListViewModal.swift */,
			);
			path = ViewModal;
			sourceTree = "<group>";
		};
		DDD3B7B427AA35940055ED99 /* SchoolsListView */ = {
			isa = PBXGroup;
			children = (
				DDD3B7AE27AA21D20055ED99 /* Repo */,
				DDD3B7B127AA22990055ED99 /* ViewModal */,
				DDE50D8927AA0EB800BCB59F /* ViewController.swift */,
			);
			path = SchoolsListView;
			sourceTree = "<group>";
		};
		DDD3B7B527AA35CE0055ED99 /* SchoolSATView */ = {
			isa = PBXGroup;
			children = (
				DDD3B7B627AA36090055ED99 /* SchoolSATViewController.swift */,
				DDD3B7C927AB03220055ED99 /* SchoolSATScoreViewModal.swift */,
			);
			path = SchoolSATView;
			sourceTree = "<group>";
		};
		DDD3B7B827AA3BF10055ED99 /* Extensions */ = {
			isa = PBXGroup;
			children = (
				DDD3B7B927AA3C050055ED99 /* UILabel.swift */,
				DDD3B7BB27AA3DA60055ED99 /* UIView+Constraints.swift */,
				DDD3B7C727AB015C0055ED99 /* UITableViewCell+Identifier.swift */,
				DDD3B7CB27AB2E5B0055ED99 /* UIViewController+ActivityIndicator.swift */,
				DDD3B7CD27AB3BF90055ED99 /* UIStackView+init.swift */,
				DDD3B7CF27AB412E0055ED99 /* UIScrollView+init.swift */,
			);
			path = Extensions;
			sourceTree = "<group>";
		};
		DDD3B7BD27AAD1F90055ED99 /* Foundation */ = {
			isa = PBXGroup;
			children = (
				DDD3B7BE27AAD2070055ED99 /* Extensions */,
			);
			path = Foundation;
			sourceTree = "<group>";
		};
		DDD3B7BE27AAD2070055ED99 /* Extensions */ = {
			isa = PBXGroup;
			children = (
				DDD3B7BF27AAD21C0055ED99 /* URL+Query.swift */,
			);
			path = Extensions;
			sourceTree = "<group>";
		};
		DDD3B7D127AB45D40055ED99 /* Resources */ = {
			isa = PBXGroup;
			children = (
				DDD3B7D227AB45FF0055ED99 /* detail.png */,
				DDD3B7DC27AB5B960055ED99 /* search.png */,
				DDD3B7D327AB45FF0055ED99 /* list.png */,
			);
			path = Resources;
			sourceTree = "<group>";
		};
		DDD3B7D627AB49D60055ED99 /* ViewModal */ = {
			isa = PBXGroup;
			children = (
				DDD3B7D727AB49E30055ED99 /* TestProtocols */,
			);
			path = ViewModal;
			sourceTree = "<group>";
		};
		DDD3B7D727AB49E30055ED99 /* TestProtocols */ = {
			isa = PBXGroup;
			children = (
			);
			path = TestProtocols;
			sourceTree = "<group>";
		};
		DDE50D7927AA0EB800BCB59F = {
			isa = PBXGroup;
			children = (
				DDD3B7D127AB45D40055ED99 /* Resources */,
				DDE50D8427AA0EB800BCB59F /* 20220201-SrikanthAdavalli-NYCSchools) */,
				DDE50D9B27AA0EBB00BCB59F /* 20220201-SrikanthAdavalli-NYCSchools)Tests */,
				DDE50DA527AA0EBB00BCB59F /* 20220201-SrikanthAdavalli-NYCSchools)UITests */,
				DDE50D8327AA0EB800BCB59F /* Products */,
			);
			sourceTree = "<group>";
		};
		DDE50D8327AA0EB800BCB59F /* Products */ = {
			isa = PBXGroup;
			children = (
				DDE50D8227AA0EB800BCB59F /* 20220201-SrikanthAdavalli-NYCSchools).app */,
				DDE50D9827AA0EBB00BCB59F /* 20220201-SrikanthAdavalli-NYCSchools)Tests.xctest */,
				DDE50DA227AA0EBB00BCB59F /* 20220201-SrikanthAdavalli-NYCSchools)UITests.xctest */,
			);
			name = Products;
			sourceTree = "<group>";
		};
		DDE50D8427AA0EB800BCB59F /* 20220201-SrikanthAdavalli-NYCSchools) */ = {
			isa = PBXGroup;
			children = (
				DDD3B7BD27AAD1F90055ED99 /* Foundation */,
				DDD3B7AD27AA21C30055ED99 /* UI */,
				DDD3B7AA27AA210F0055ED99 /* Model */,
				DDD3B79627AA1BD10055ED99 /* Network */,
				DDE50D8527AA0EB800BCB59F /* AppDelegate.swift */,
				DDE50D8727AA0EB800BCB59F /* SceneDelegate.swift */,
				DDE50D8B27AA0EB800BCB59F /* Main.storyboard */,
				DDE50D8E27AA0EBB00BCB59F /* Assets.xcassets */,
				DDE50D9027AA0EBB00BCB59F /* LaunchScreen.storyboard */,
				DDE50D9327AA0EBB00BCB59F /* Info.plist */,
			);
			path = "20220201-SrikanthAdavalli-NYCSchools)";
			sourceTree = "<group>";
		};
		DDE50D9B27AA0EBB00BCB59F /* 20220201-SrikanthAdavalli-NYCSchools)Tests */ = {
			isa = PBXGroup;
			children = (
				DDD3B7D627AB49D60055ED99 /* ViewModal */,
				DDE50D9C27AA0EBB00BCB59F /* _0220201_SrikanthAdavalli_NYCSchools_Tests.swift */,
			);
			path = "20220201-SrikanthAdavalli-NYCSchools)Tests";
			sourceTree = "<group>";
		};
		DDE50DA527AA0EBB00BCB59F /* 20220201-SrikanthAdavalli-NYCSchools)UITests */ = {
			isa = PBXGroup;
			children = (
				DDE50DA627AA0EBB00BCB59F /* _0220201_SrikanthAdavalli_NYCSchools_UITests.swift */,
				DDE50DA827AA0EBB00BCB59F /* _0220201_SrikanthAdavalli_NYCSchools_UITestsLaunchTests.swift */,
			);
			path = "20220201-SrikanthAdavalli-NYCSchools)UITests";
			sourceTree = "<group>";
		};
/* End PBXGroup section */

/* Begin PBXNativeTarget section */
		DDE50D8127AA0EB800BCB59F /* 20220201-SrikanthAdavalli-NYCSchools) */ = {
			isa = PBXNativeTarget;
			buildConfigurationList = DDE50DAC27AA0EBB00BCB59F /* Build configuration list for PBXNativeTarget "20220201-SrikanthAdavalli-NYCSchools)" */;
			buildPhases = (
				DDE50D7E27AA0EB800BCB59F /* Sources */,
				DDE50D7F27AA0EB800BCB59F /* Frameworks */,
				DDE50D8027AA0EB800BCB59F /* Resources */,
			);
			buildRules = (
			);
			dependencies = (
			);
			name = "20220201-SrikanthAdavalli-NYCSchools)";
			productName = "20220201-SrikanthAdavalli-NYCSchools)";
			productReference = DDE50D8227AA0EB800BCB59F /* 20220201-SrikanthAdavalli-NYCSchools).app */;
			productType = "com.apple.product-type.application";
		};
		DDE50D9727AA0EBB00BCB59F /* 20220201-SrikanthAdavalli-NYCSchools)Tests */ = {
			isa = PBXNativeTarget;
			buildConfigurationList = DDE50DAF27AA0EBB00BCB59F /* Build configuration list for PBXNativeTarget "20220201-SrikanthAdavalli-NYCSchools)Tests" */;
			buildPhases = (
				DDE50D9427AA0EBB00BCB59F /* Sources */,
				DDE50D9527AA0EBB00BCB59F /* Frameworks */,
				DDE50D9627AA0EBB00BCB59F /* Resources */,
			);
			buildRules = (
			);
			dependencies = (
				DDE50D9A27AA0EBB00BCB59F /* PBXTargetDependency */,
			);
			name = "20220201-SrikanthAdavalli-NYCSchools)Tests";
			productName = "20220201-SrikanthAdavalli-NYCSchools)Tests";
			productReference = DDE50D9827AA0EBB00BCB59F /* 20220201-SrikanthAdavalli-NYCSchools)Tests.xctest */;
			productType = "com.apple.product-type.bundle.unit-test";
		};
		DDE50DA127AA0EBB00BCB59F /* 20220201-SrikanthAdavalli-NYCSchools)UITests */ = {
			isa = PBXNativeTarget;
			buildConfigurationList = DDE50DB227AA0EBB00BCB59F /* Build configuration list for PBXNativeTarget "20220201-SrikanthAdavalli-NYCSchools)UITests" */;
			buildPhases = (
				DDE50D9E27AA0EBB00BCB59F /* Sources */,
				DDE50D9F27AA0EBB00BCB59F /* Frameworks */,
				DDE50DA027AA0EBB00BCB59F /* Resources */,
			);
			buildRules = (
			);
			dependencies = (
				DDE50DA427AA0EBB00BCB59F /* PBXTargetDependency */,
			);
			name = "20220201-SrikanthAdavalli-NYCSchools)UITests";
			productName = "20220201-SrikanthAdavalli-NYCSchools)UITests";
			productReference = DDE50DA227AA0EBB00BCB59F /* 20220201-SrikanthAdavalli-NYCSchools)UITests.xctest */;
			productType = "com.apple.product-type.bundle.ui-testing";
		};
/* End PBXNativeTarget section */

/* Begin PBXProject section */
		DDE50D7A27AA0EB800BCB59F /* Project object */ = {
			isa = PBXProject;
			attributes = {
				BuildIndependentTargetsInParallel = 1;
				LastSwiftUpdateCheck = 1320;
				LastUpgradeCheck = 1320;
				TargetAttributes = {
					DDE50D8127AA0EB800BCB59F = {
						CreatedOnToolsVersion = 13.2.1;
					};
					DDE50D9727AA0EBB00BCB59F = {
						CreatedOnToolsVersion = 13.2.1;
						TestTargetID = DDE50D8127AA0EB800BCB59F;
					};
					DDE50DA127AA0EBB00BCB59F = {
						CreatedOnToolsVersion = 13.2.1;
						TestTargetID = DDE50D8127AA0EB800BCB59F;
					};
				};
			};
			buildConfigurationList = DDE50D7D27AA0EB800BCB59F /* Build configuration list for PBXProject "20220201-SrikanthAdavalli-NYCSchools)" */;
			compatibilityVersion = "Xcode 13.0";
			developmentRegion = en;
			hasScannedForEncodings = 0;
			knownRegions = (
				en,
				Base,
			);
			mainGroup = DDE50D7927AA0EB800BCB59F;
			productRefGroup = DDE50D8327AA0EB800BCB59F /* Products */;
			projectDirPath = "";
			projectRoot = "";
			targets = (
				DDE50D8127AA0EB800BCB59F /* 20220201-SrikanthAdavalli-NYCSchools) */,
				DDE50D9727AA0EBB00BCB59F /* 20220201-SrikanthAdavalli-NYCSchools)Tests */,
				DDE50DA127AA0EBB00BCB59F /* 20220201-SrikanthAdavalli-NYCSchools)UITests */,
			);
		};
/* End PBXProject section */

/* Begin PBXResourcesBuildPhase section */
		DDE50D8027AA0EB800BCB59F /* Resources */ = {
			isa = PBXResourcesBuildPhase;
			buildActionMask = 2147483647;
			files = (
				DDD3B7D427AB45FF0055ED99 /* detail.png in Resources */,
				DDD3B7D527AB45FF0055ED99 /* list.png in Resources */,
				DDE50D9227AA0EBB00BCB59F /* LaunchScreen.storyboard in Resources */,
				DDE50D8F27AA0EBB00BCB59F /* Assets.xcassets in Resources */,
				DDE50D8D27AA0EB800BCB59F /* Main.storyboard in Resources */,
			);
			runOnlyForDeploymentPostprocessing = 0;
		};
		DDE50D9627AA0EBB00BCB59F /* Resources */ = {
			isa = PBXResourcesBuildPhase;
			buildActionMask = 2147483647;
			files = (
				DDD3B7DD27AB5B960055ED99 /* search.png in Resources */,
			);
			runOnlyForDeploymentPostprocessing = 0;
		};
		DDE50DA027AA0EBB00BCB59F /* Resources */ = {
			isa = PBXResourcesBuildPhase;
			buildActionMask = 2147483647;
			files = (
			);
			runOnlyForDeploymentPostprocessing = 0;
		};
/* End PBXResourcesBuildPhase section */

/* Begin PBXSourcesBuildPhase section */
		DDE50D7E27AA0EB800BCB59F /* Sources */ = {
			isa = PBXSourcesBuildPhase;
			buildActionMask = 2147483647;
			files = (
				DDD3B7C827AB015C0055ED99 /* UITableViewCell+Identifier.swift in Sources */,
				DDD3B7C027AAD21C0055ED99 /* URL+Query.swift in Sources */,
				DDD3B7B027AA21ED0055ED99 /* SchoolListRepository.swift in Sources */,
				DDE50D8A27AA0EB800BCB59F /* ViewController.swift in Sources */,
				DDD3B7BA27AA3C050055ED99 /* UILabel.swift in Sources */,
				DDD3B7C627AB00CC0055ED99 /* SchoolSatScoreRepository.swift in Sources */,
				DDD3B79B27AA1C470055ED99 /* Errors.swift in Sources */,
				DDD3B7C227AAFDB30055ED99 /* SchoolSATScore.swift in Sources */,
				DDD3B7B727AA36090055ED99 /* SchoolSATViewController.swift in Sources */,
				DDD3B7CC27AB2E5B0055ED99 /* UIViewController+ActivityIndicator.swift in Sources */,
				DDD3B79D27AA1C600055ED99 /* HTTPMethod.swift in Sources */,
				DDD3B7B327AA22AE0055ED99 /* SchoolListViewModal.swift in Sources */,
				DDD3B7AC27AA21250055ED99 /* School.swift in Sources */,
				DDD3B7A227AA1CD30055ED99 /* Repository.swift in Sources */,
				DDD3B7C427AAFE0E0055ED99 /* SATInformation.swift in Sources */,
				DDE50D8627AA0EB800BCB59F /* AppDelegate.swift in Sources */,
				DDD3B79F27AA1C830055ED99 /* URLRequest.swift in Sources */,
				DDD3B7D027AB412E0055ED99 /* UIScrollView+init.swift in Sources */,
				DDD3B79927AA1C220055ED99 /* EndPoint.swift in Sources */,
				DDD3B7BC27AA3DA60055ED99 /* UIView+Constraints.swift in Sources */,
				DDE50D8827AA0EB800BCB59F /* SceneDelegate.swift in Sources */,
				DDD3B7A527AA1D050055ED99 /* Session.swift in Sources */,
				DDD3B7CA27AB03220055ED99 /* SchoolSATScoreViewModal.swift in Sources */,
				DDD3B7CE27AB3BF90055ED99 /* UIStackView+init.swift in Sources */,
			);
			runOnlyForDeploymentPostprocessing = 0;
		};
		DDE50D9427AA0EBB00BCB59F /* Sources */ = {
			isa = PBXSourcesBuildPhase;
			buildActionMask = 2147483647;
			files = (
				DDE50D9D27AA0EBB00BCB59F /* _0220201_SrikanthAdavalli_NYCSchools_Tests.swift in Sources */,
			);
			runOnlyForDeploymentPostprocessing = 0;
		};
		DDE50D9E27AA0EBB00BCB59F /* Sources */ = {
			isa = PBXSourcesBuildPhase;
			buildActionMask = 2147483647;
			files = (
				DDE50DA727AA0EBB00BCB59F /* _0220201_SrikanthAdavalli_NYCSchools_UITests.swift in Sources */,
				DDE50DA927AA0EBB00BCB59F /* _0220201_SrikanthAdavalli_NYCSchools_UITestsLaunchTests.swift in Sources */,
			);
			runOnlyForDeploymentPostprocessing = 0;
		};
/* End PBXSourcesBuildPhase section */

/* Begin PBXTargetDependency section */
		DDE50D9A27AA0EBB00BCB59F /* PBXTargetDependency */ = {
			isa = PBXTargetDependency;
			target = DDE50D8127AA0EB800BCB59F /* 20220201-SrikanthAdavalli-NYCSchools) */;
			targetProxy = DDE50D9927AA0EBB00BCB59F /* PBXContainerItemProxy */;
		};
		DDE50DA427AA0EBB00BCB59F /* PBXTargetDependency */ = {
			isa = PBXTargetDependency;
			target = DDE50D8127AA0EB800BCB59F /* 20220201-SrikanthAdavalli-NYCSchools) */;
			targetProxy = DDE50DA327AA0EBB00BCB59F /* PBXContainerItemProxy */;
		};
/* End PBXTargetDependency section */

/* Begin PBXVariantGroup section */
		DDE50D8B27AA0EB800BCB59F /* Main.storyboard */ = {
			isa = PBXVariantGroup;
			children = (
				DDE50D8C27AA0EB800BCB59F /* Base */,
			);
			name = Main.storyboard;
			sourceTree = "<group>";
		};
		DDE50D9027AA0EBB00BCB59F /* LaunchScreen.storyboard */ = {
			isa = PBXVariantGroup;
			children = (
				DDE50D9127AA0EBB00BCB59F /* Base */,
			);
			name = LaunchScreen.storyboard;
			sourceTree = "<group>";
		};
/* End PBXVariantGroup section */

/* Begin XCBuildConfiguration section */
		DDE50DAA27AA0EBB00BCB59F /* Debug */ = {
			isa = XCBuildConfiguration;
			buildSettings = {
				ALWAYS_SEARCH_USER_PATHS = NO;
				CLANG_ANALYZER_NONNULL = YES;
				CLANG_ANALYZER_NUMBER_OBJECT_CONVERSION = YES_AGGRESSIVE;
				CLANG_CXX_LANGUAGE_STANDARD = "gnu++17";
				CLANG_CXX_LIBRARY = "libc++";
				CLANG_ENABLE_MODULES = YES;
				CLANG_ENABLE_OBJC_ARC = YES;
				CLANG_ENABLE_OBJC_WEAK = YES;
				CLANG_WARN_BLOCK_CAPTURE_AUTORELEASING = YES;
				CLANG_WARN_BOOL_CONVERSION = YES;
				CLANG_WARN_COMMA = YES;
				CLANG_WARN_CONSTANT_CONVERSION = YES;
				CLANG_WARN_DEPRECATED_OBJC_IMPLEMENTATIONS = YES;
				CLANG_WARN_DIRECT_OBJC_ISA_USAGE = YES_ERROR;
				CLANG_WARN_DOCUMENTATION_COMMENTS = YES;
				CLANG_WARN_EMPTY_BODY = YES;
				CLANG_WARN_ENUM_CONVERSION = YES;
				CLANG_WARN_INFINITE_RECURSION = YES;
				CLANG_WARN_INT_CONVERSION = YES;
				CLANG_WARN_NON_LITERAL_NULL_CONVERSION = YES;
				CLANG_WARN_OBJC_IMPLICIT_RETAIN_SELF = YES;
				CLANG_WARN_OBJC_LITERAL_CONVERSION = YES;
				CLANG_WARN_OBJC_ROOT_CLASS = YES_ERROR;
				CLANG_WARN_QUOTED_INCLUDE_IN_FRAMEWORK_HEADER = YES;
				CLANG_WARN_RANGE_LOOP_ANALYSIS = YES;
				CLANG_WARN_STRICT_PROTOTYPES = YES;
				CLANG_WARN_SUSPICIOUS_MOVE = YES;
				CLANG_WARN_UNGUARDED_AVAILABILITY = YES_AGGRESSIVE;
				CLANG_WARN_UNREACHABLE_CODE = YES;
				CLANG_WARN__DUPLICATE_METHOD_MATCH = YES;
				COPY_PHASE_STRIP = NO;
				DEBUG_INFORMATION_FORMAT = dwarf;
				ENABLE_STRICT_OBJC_MSGSEND = YES;
				ENABLE_TESTABILITY = YES;
				GCC_C_LANGUAGE_STANDARD = gnu11;
				GCC_DYNAMIC_NO_PIC = NO;
				GCC_NO_COMMON_BLOCKS = YES;
				GCC_OPTIMIZATION_LEVEL = 0;
				GCC_PREPROCESSOR_DEFINITIONS = (
					"DEBUG=1",
					"$(inherited)",
				);
				GCC_WARN_64_TO_32_BIT_CONVERSION = YES;
				GCC_WARN_ABOUT_RETURN_TYPE = YES_ERROR;
				GCC_WARN_UNDECLARED_SELECTOR = YES;
				GCC_WARN_UNINITIALIZED_AUTOS = YES_AGGRESSIVE;
				GCC_WARN_UNUSED_FUNCTION = YES;
				GCC_WARN_UNUSED_VARIABLE = YES;
				IPHONEOS_DEPLOYMENT_TARGET = 15.2;
				MTL_ENABLE_DEBUG_INFO = INCLUDE_SOURCE;
				MTL_FAST_MATH = YES;
				ONLY_ACTIVE_ARCH = YES;
				SDKROOT = iphoneos;
				SWIFT_ACTIVE_COMPILATION_CONDITIONS = DEBUG;
				SWIFT_OPTIMIZATION_LEVEL = "-Onone";
			};
			name = Debug;
		};
		DDE50DAB27AA0EBB00BCB59F /* Release */ = {
			isa = XCBuildConfiguration;
			buildSettings = {
				ALWAYS_SEARCH_USER_PATHS = NO;
				CLANG_ANALYZER_NONNULL = YES;
				CLANG_ANALYZER_NUMBER_OBJECT_CONVERSION = YES_AGGRESSIVE;
				CLANG_CXX_LANGUAGE_STANDARD = "gnu++17";
				CLANG_CXX_LIBRARY = "libc++";
				CLANG_ENABLE_MODULES = YES;
				CLANG_ENABLE_OBJC_ARC = YES;
				CLANG_ENABLE_OBJC_WEAK = YES;
				CLANG_WARN_BLOCK_CAPTURE_AUTORELEASING = YES;
				CLANG_WARN_BOOL_CONVERSION = YES;
				CLANG_WARN_COMMA = YES;
				CLANG_WARN_CONSTANT_CONVERSION = YES;
				CLANG_WARN_DEPRECATED_OBJC_IMPLEMENTATIONS = YES;
				CLANG_WARN_DIRECT_OBJC_ISA_USAGE = YES_ERROR;
				CLANG_WARN_DOCUMENTATION_COMMENTS = YES;
				CLANG_WARN_EMPTY_BODY = YES;
				CLANG_WARN_ENUM_CONVERSION = YES;
				CLANG_WARN_INFINITE_RECURSION = YES;
				CLANG_WARN_INT_CONVERSION = YES;
				CLANG_WARN_NON_LITERAL_NULL_CONVERSION = YES;
				CLANG_WARN_OBJC_IMPLICIT_RETAIN_SELF = YES;
				CLANG_WARN_OBJC_LITERAL_CONVERSION = YES;
				CLANG_WARN_OBJC_ROOT_CLASS = YES_ERROR;
				CLANG_WARN_QUOTED_INCLUDE_IN_FRAMEWORK_HEADER = YES;
				CLANG_WARN_RANGE_LOOP_ANALYSIS = YES;
				CLANG_WARN_STRICT_PROTOTYPES = YES;
				CLANG_WARN_SUSPICIOUS_MOVE = YES;
				CLANG_WARN_UNGUARDED_AVAILABILITY = YES_AGGRESSIVE;
				CLANG_WARN_UNREACHABLE_CODE = YES;
				CLANG_WARN__DUPLICATE_METHOD_MATCH = YES;
				COPY_PHASE_STRIP = NO;
				DEBUG_INFORMATION_FORMAT = "dwarf-with-dsym";
				ENABLE_NS_ASSERTIONS = NO;
				ENABLE_STRICT_OBJC_MSGSEND = YES;
				GCC_C_LANGUAGE_STANDARD = gnu11;
				GCC_NO_COMMON_BLOCKS = YES;
				GCC_WARN_64_TO_32_BIT_CONVERSION = YES;
				GCC_WARN_ABOUT_RETURN_TYPE = YES_ERROR;
				GCC_WARN_UNDECLARED_SELECTOR = YES;
				GCC_WARN_UNINITIALIZED_AUTOS = YES_AGGRESSIVE;
				GCC_WARN_UNUSED_FUNCTION = YES;
				GCC_WARN_UNUSED_VARIABLE = YES;
				IPHONEOS_DEPLOYMENT_TARGET = 15.2;
				MTL_ENABLE_DEBUG_INFO = NO;
				MTL_FAST_MATH = YES;
				SDKROOT = iphoneos;
				SWIFT_COMPILATION_MODE = wholemodule;
				SWIFT_OPTIMIZATION_LEVEL = "-O";
				VALIDATE_PRODUCT = YES;
			};
			name = Release;
		};
		DDE50DAD27AA0EBB00BCB59F /* Debug */ = {
			isa = XCBuildConfiguration;
			buildSettings = {
				ASSETCATALOG_COMPILER_APPICON_NAME = AppIcon;
				ASSETCATALOG_COMPILER_GLOBAL_ACCENT_COLOR_NAME = AccentColor;
				CODE_SIGN_STYLE = Automatic;
				CURRENT_PROJECT_VERSION = 1;
				DEVELOPMENT_TEAM = 3PAC94S7RG;
				GENERATE_INFOPLIST_FILE = YES;
				INFOPLIST_FILE = "20220201-SrikanthAdavalli-NYCSchools)/Info.plist";
				INFOPLIST_KEY_UIApplicationSupportsIndirectInputEvents = YES;
				INFOPLIST_KEY_UILaunchStoryboardName = LaunchScreen;
				INFOPLIST_KEY_UIMainStoryboardFile = Main;
				INFOPLIST_KEY_UISupportedInterfaceOrientations_iPad = "UIInterfaceOrientationPortrait UIInterfaceOrientationPortraitUpsideDown UIInterfaceOrientationLandscapeLeft UIInterfaceOrientationLandscapeRight";
				INFOPLIST_KEY_UISupportedInterfaceOrientations_iPhone = "UIInterfaceOrientationPortrait UIInterfaceOrientationLandscapeLeft UIInterfaceOrientationLandscapeRight";
				LD_RUNPATH_SEARCH_PATHS = (
					"$(inherited)",
					"@executable_path/Frameworks",
				);
				MARKETING_VERSION = 1.0;
				PRODUCT_BUNDLE_IDENTIFIER = "company.-0220201-SrikanthAdavalli-NYCSchools-";
				PRODUCT_NAME = "$(TARGET_NAME)";
				SWIFT_EMIT_LOC_STRINGS = YES;
				SWIFT_VERSION = 5.0;
				TARGETED_DEVICE_FAMILY = "1,2";
			};
			name = Debug;
		};
		DDE50DAE27AA0EBB00BCB59F /* Release */ = {
			isa = XCBuildConfiguration;
			buildSettings = {
				ASSETCATALOG_COMPILER_APPICON_NAME = AppIcon;
				ASSETCATALOG_COMPILER_GLOBAL_ACCENT_COLOR_NAME = AccentColor;
				CODE_SIGN_STYLE = Automatic;
				CURRENT_PROJECT_VERSION = 1;
				DEVELOPMENT_TEAM = 3PAC94S7RG;
				GENERATE_INFOPLIST_FILE = YES;
				INFOPLIST_FILE = "20220201-SrikanthAdavalli-NYCSchools)/Info.plist";
				INFOPLIST_KEY_UIApplicationSupportsIndirectInputEvents = YES;
				INFOPLIST_KEY_UILaunchStoryboardName = LaunchScreen;
				INFOPLIST_KEY_UIMainStoryboardFile = Main;
				INFOPLIST_KEY_UISupportedInterfaceOrientations_iPad = "UIInterfaceOrientationPortrait UIInterfaceOrientationPortraitUpsideDown UIInterfaceOrientationLandscapeLeft UIInterfaceOrientationLandscapeRight";
				INFOPLIST_KEY_UISupportedInterfaceOrientations_iPhone = "UIInterfaceOrientationPortrait UIInterfaceOrientationLandscapeLeft UIInterfaceOrientationLandscapeRight";
				LD_RUNPATH_SEARCH_PATHS = (
					"$(inherited)",
					"@executable_path/Frameworks",
				);
				MARKETING_VERSION = 1.0;
				PRODUCT_BUNDLE_IDENTIFIER = "company.-0220201-SrikanthAdavalli-NYCSchools-";
				PRODUCT_NAME = "$(TARGET_NAME)";
				SWIFT_EMIT_LOC_STRINGS = YES;
				SWIFT_VERSION = 5.0;
				TARGETED_DEVICE_FAMILY = "1,2";
			};
			name = Release;
		};
		DDE50DB027AA0EBB00BCB59F /* Debug */ = {
			isa = XCBuildConfiguration;
			buildSettings = {
				ALWAYS_EMBED_SWIFT_STANDARD_LIBRARIES = YES;
				BUNDLE_LOADER = "$(TEST_HOST)";
				CODE_SIGN_STYLE = Automatic;
				CURRENT_PROJECT_VERSION = 1;
				DEVELOPMENT_TEAM = 3PAC94S7RG;
				GENERATE_INFOPLIST_FILE = YES;
				IPHONEOS_DEPLOYMENT_TARGET = 15.2;
				MARKETING_VERSION = 1.0;
				PRODUCT_BUNDLE_IDENTIFIER = "company.-0220201-SrikanthAdavalli-NYCSchools-Tests";
				PRODUCT_NAME = "$(TARGET_NAME)";
				SWIFT_EMIT_LOC_STRINGS = NO;
				SWIFT_VERSION = 5.0;
				TARGETED_DEVICE_FAMILY = "1,2";
				TEST_HOST = "$(BUILT_PRODUCTS_DIR)/20220201-SrikanthAdavalli-NYCSchools).app/20220201-SrikanthAdavalli-NYCSchools)";
			};
			name = Debug;
		};
		DDE50DB127AA0EBB00BCB59F /* Release */ = {
			isa = XCBuildConfiguration;
			buildSettings = {
				ALWAYS_EMBED_SWIFT_STANDARD_LIBRARIES = YES;
				BUNDLE_LOADER = "$(TEST_HOST)";
				CODE_SIGN_STYLE = Automatic;
				CURRENT_PROJECT_VERSION = 1;
				DEVELOPMENT_TEAM = 3PAC94S7RG;
				GENERATE_INFOPLIST_FILE = YES;
				IPHONEOS_DEPLOYMENT_TARGET = 15.2;
				MARKETING_VERSION = 1.0;
				PRODUCT_BUNDLE_IDENTIFIER = "company.-0220201-SrikanthAdavalli-NYCSchools-Tests";
				PRODUCT_NAME = "$(TARGET_NAME)";
				SWIFT_EMIT_LOC_STRINGS = NO;
				SWIFT_VERSION = 5.0;
				TARGETED_DEVICE_FAMILY = "1,2";
				TEST_HOST = "$(BUILT_PRODUCTS_DIR)/20220201-SrikanthAdavalli-NYCSchools).app/20220201-SrikanthAdavalli-NYCSchools)";
			};
			name = Release;
		};
		DDE50DB327AA0EBB00BCB59F /* Debug */ = {
			isa = XCBuildConfiguration;
			buildSettings = {
				ALWAYS_EMBED_SWIFT_STANDARD_LIBRARIES = YES;
				CODE_SIGN_STYLE = Automatic;
				CURRENT_PROJECT_VERSION = 1;
				DEVELOPMENT_TEAM = 3PAC94S7RG;
				GENERATE_INFOPLIST_FILE = YES;
				MARKETING_VERSION = 1.0;
				PRODUCT_BUNDLE_IDENTIFIER = "company.-0220201-SrikanthAdavalli-NYCSchools-UITests";
				PRODUCT_NAME = "$(TARGET_NAME)";
				SWIFT_EMIT_LOC_STRINGS = NO;
				SWIFT_VERSION = 5.0;
				TARGETED_DEVICE_FAMILY = "1,2";
				TEST_TARGET_NAME = "20220201-SrikanthAdavalli-NYCSchools)";
			};
			name = Debug;
		};
		DDE50DB427AA0EBB00BCB59F /* Release */ = {
			isa = XCBuildConfiguration;
			buildSettings = {
				ALWAYS_EMBED_SWIFT_STANDARD_LIBRARIES = YES;
				CODE_SIGN_STYLE = Automatic;
				CURRENT_PROJECT_VERSION = 1;
				DEVELOPMENT_TEAM = 3PAC94S7RG;
				GENERATE_INFOPLIST_FILE = YES;
				MARKETING_VERSION = 1.0;
				PRODUCT_BUNDLE_IDENTIFIER = "company.-0220201-SrikanthAdavalli-NYCSchools-UITests";
				PRODUCT_NAME = "$(TARGET_NAME)";
				SWIFT_EMIT_LOC_STRINGS = NO;
				SWIFT_VERSION = 5.0;
				TARGETED_DEVICE_FAMILY = "1,2";
				TEST_TARGET_NAME = "20220201-SrikanthAdavalli-NYCSchools)";
			};
			name = Release;
		};
/* End XCBuildConfiguration section */

/* Begin XCConfigurationList section */
		DDE50D7D27AA0EB800BCB59F /* Build configuration list for PBXProject "20220201-SrikanthAdavalli-NYCSchools)" */ = {
			isa = XCConfigurationList;
			buildConfigurations = (
				DDE50DAA27AA0EBB00BCB59F /* Debug */,
				DDE50DAB27AA0EBB00BCB59F /* Release */,
			);
			defaultConfigurationIsVisible = 0;
			defaultConfigurationName = Release;
		};
		DDE50DAC27AA0EBB00BCB59F /* Build configuration list for PBXNativeTarget "20220201-SrikanthAdavalli-NYCSchools)" */ = {
			isa = XCConfigurationList;
			buildConfigurations = (
				DDE50DAD27AA0EBB00BCB59F /* Debug */,
				DDE50DAE27AA0EBB00BCB59F /* Release */,
			);
			defaultConfigurationIsVisible = 0;
			defaultConfigurationName = Release;
		};
		DDE50DAF27AA0EBB00BCB59F /* Build configuration list for PBXNativeTarget "20220201-SrikanthAdavalli-NYCSchools)Tests" */ = {
			isa = XCConfigurationList;
			buildConfigurations = (
				DDE50DB027AA0EBB00BCB59F /* Debug */,
				DDE50DB127AA0EBB00BCB59F /* Release */,
			);
			defaultConfigurationIsVisible = 0;
			defaultConfigurationName = Release;
		};
		DDE50DB227AA0EBB00BCB59F /* Build configuration list for PBXNativeTarget "20220201-SrikanthAdavalli-NYCSchools)UITests" */ = {
			isa = XCConfigurationList;
			buildConfigurations = (
				DDE50DB327AA0EBB00BCB59F /* Debug */,
				DDE50DB427AA0EBB00BCB59F /* Release */,
			);
			defaultConfigurationIsVisible = 0;
			defaultConfigurationName = Release;
		};
/* End XCConfigurationList section */
	};
	rootObject = DDE50D7A27AA0EB800BCB59F /* Project object */;
}
